
Microsoft Visual Studio Solution File, Format Version 12.00
# Visual Studio 14
VisualStudioVersion = 14.0.25420.1
MinimumVisualStudioVersion = 10.0.40219.1
Project("{FAE04EC0-301F-11D3-BF4B-00C04F79EFBC}") = "nakovChp17-Ex03_FindNLeafAndVertic", "nakovChp17-Ex03_FindNLeafAndVertic\nakovChp17-Ex03_FindNLeafAndVertic.csproj", "{5BFEF968-52B1-4767-9260-FB3616983FC3}"
EndProject
Global
	GlobalSection(SolutionConfigurationPlatforms) = preSolution
		Debug|Any CPU = Debug|Any CPU
		Release|Any CPU = Release|Any CPU
	EndGlobalSection
	GlobalSection(ProjectConfigurationPlatforms) = postSolution
		{5BFEF968-52B1-4767-9260-FB3616983FC3}.Debug|Any CPU.ActiveCfg = Debug|Any CPU
		{5BFEF968-52B1-4767-9260-FB3616983FC3}.Debug|Any CPU.Build.0 = Debug|Any CPU
		{5BFEF968-52B1-4767-9260-FB3616983FC3}.Release|Any CPU.ActiveCfg = Release|Any CPU
		{5BFEF968-52B1-4767-9260-FB3616983FC3}.Release|Any CPU.Build.0 = Release|Any CPU
	EndGlobalSection
	GlobalSection(SolutionProperties) = preSolution
		HideSolutionNode = FALSE
	EndGlobalSection
EndGlobal
